// !$*UTF8*$!
{
	archiveVersion = 1;
	classes = {
	};
	objectVersion = 46;
	objects = {

/* Begin PBXFileReference section */
		A015667B12A073BD00115FFD /* SConstruct */ = {isa = PBXFileReference; fileEncoding = 4; lastKnownFileType = text; name = SConstruct; path = ../SConstruct; sourceTree = SOURCE_ROOT; };
		A015667C12A073BD00115FFD /* tpecal.cc */ = {isa = PBXFileReference; fileEncoding = 4; lastKnownFileType = sourcecode.cpp.cpp; name = tpecal.cc; path = ../tpecal.cc; sourceTree = SOURCE_ROOT; };
		A015667E12A073C800115FFD /* bos.cc */ = {isa = PBXFileReference; fileEncoding = 4; lastKnownFileType = sourcecode.cpp.cpp; path = bos.cc; sourceTree = "<group>"; };
		A015668112A073C800115FFD /* HV_Control_W.cc */ = {isa = PBXFileReference; fileEncoding = 4; lastKnownFileType = sourcecode.cpp.cpp; path = HV_Control_W.cc; sourceTree = "<group>"; };
		A015668212A073C800115FFD /* HV_Control_W.h */ = {isa = PBXFileReference; fileEncoding = 4; lastKnownFileType = sourcecode.c.h; path = HV_Control_W.h; sourceTree = "<group>"; };
		A015668312A073C800115FFD /* PED_Control_W.cc */ = {isa = PBXFileReference; fileEncoding = 4; lastKnownFileType = sourcecode.cpp.cpp; path = PED_Control_W.cc; sourceTree = "<group>"; };
		A015668412A073C800115FFD /* PED_Control_W.h */ = {isa = PBXFileReference; fileEncoding = 4; lastKnownFileType = sourcecode.c.h; path = PED_Control_W.h; sourceTree = "<group>"; };
		A015668512A073C800115FFD /* SPE_Control_W.cc */ = {isa = PBXFileReference; fileEncoding = 4; lastKnownFileType = sourcecode.cpp.cpp; path = SPE_Control_W.cc; sourceTree = "<group>"; };
		A015668612A073C800115FFD /* SPE_Control_W.h */ = {isa = PBXFileReference; fileEncoding = 4; lastKnownFileType = sourcecode.c.h; path = SPE_Control_W.h; sourceTree = "<group>"; };
		A015668712A073C800115FFD /* database_io.cc */ = {isa = PBXFileReference; fileEncoding = 4; lastKnownFileType = sourcecode.cpp.cpp; path = database_io.cc; sourceTree = "<group>"; };
		A015668912A073C800115FFD /* PED_Display_W.cc */ = {isa = PBXFileReference; fileEncoding = 4; lastKnownFileType = sourcecode.cpp.cpp; path = PED_Display_W.cc; sourceTree = "<group>"; };
		A015668A12A073C800115FFD /* PED_Display_W.h */ = {isa = PBXFileReference; fileEncoding = 4; lastKnownFileType = sourcecode.c.h; path = PED_Display_W.h; sourceTree = "<group>"; };
		A015668B12A073C800115FFD /* SPE_Display_W.cc */ = {isa = PBXFileReference; fileEncoding = 4; lastKnownFileType = sourcecode.cpp.cpp; path = SPE_Display_W.cc; sourceTree = "<group>"; };
		A015668C12A073C800115FFD /* SPE_Display_W.h */ = {isa = PBXFileReference; fileEncoding = 4; lastKnownFileType = sourcecode.c.h; path = SPE_Display_W.h; sourceTree = "<group>"; };
		A015668D12A073C800115FFD /* GetADC_W.cc */ = {isa = PBXFileReference; fileEncoding = 4; lastKnownFileType = sourcecode.cpp.cpp; path = GetADC_W.cc; sourceTree = "<group>"; };
		A015668E12A073C800115FFD /* GetADC_W.h */ = {isa = PBXFileReference; fileEncoding = 4; lastKnownFileType = sourcecode.c.h; path = GetADC_W.h; sourceTree = "<group>"; };
		A015668F12A073C800115FFD /* help.cc */ = {isa = PBXFileReference; fileEncoding = 4; lastKnownFileType = sourcecode.cpp.cpp; path = help.cc; sourceTree = "<group>"; };
		A015669112A073C800115FFD /* go_icon */ = {isa = PBXFileReference; fileEncoding = 4; lastKnownFileType = text; path = go_icon; sourceTree = "<group>"; };
		A015669212A073C800115FFD /* icon_background.h */ = {isa = PBXFileReference; fileEncoding = 4; lastKnownFileType = sourcecode.c.h; path = icon_background.h; sourceTree = "<group>"; };
		A015669312A073C800115FFD /* icon_explana2.h */ = {isa = PBXFileReference; fileEncoding = 4; lastKnownFileType = sourcecode.c.h; path = icon_explana2.h; sourceTree = "<group>"; };
		A015669412A073C800115FFD /* tpecal_calib.cc */ = {isa = PBXFileReference; fileEncoding = 4; lastKnownFileType = sourcecode.cpp.cpp; path = tpecal_calib.cc; sourceTree = "<group>"; };
		A015669512A073C800115FFD /* tpecal_calib.h */ = {isa = PBXFileReference; fileEncoding = 4; lastKnownFileType = sourcecode.c.h; path = tpecal_calib.h; sourceTree = "<group>"; };
		A015669612A073C800115FFD /* tpecal_widget.cc */ = {isa = PBXFileReference; fileEncoding = 4; lastKnownFileType = sourcecode.cpp.cpp; path = tpecal_widget.cc; sourceTree = "<group>"; };
		A015669712A073C800115FFD /* tpecal_widget.h */ = {isa = PBXFileReference; fileEncoding = 4; lastKnownFileType = sourcecode.c.h; path = tpecal_widget.h; sourceTree = "<group>"; };
		A015669812A073C800115FFD /* usage.cc */ = {isa = PBXFileReference; fileEncoding = 4; lastKnownFileType = sourcecode.cpp.cpp; path = usage.cc; sourceTree = "<group>"; };
		A015669912A073C800115FFD /* usage.h */ = {isa = PBXFileReference; fileEncoding = 4; lastKnownFileType = sourcecode.c.h; path = usage.h; sourceTree = "<group>"; };
		A0720B5512B284AF0029ADD1 /* show.C */ = {isa = PBXFileReference; fileEncoding = 4; lastKnownFileType = sourcecode.cpp.cpp; name = show.C; path = ../show.C; sourceTree = SOURCE_ROOT; };
		A091989012B3CCCE000CA2FB /* go_run */ = {isa = PBXFileReference; fileEncoding = 4; lastKnownFileType = text.script.csh; name = go_run; path = ../go_run; sourceTree = SOURCE_ROOT; };
		A0B915C212A5D68100003A3F /* calorimeter.h */ = {isa = PBXFileReference; fileEncoding = 4; lastKnownFileType = sourcecode.c.h; path = calorimeter.h; sourceTree = "<group>"; };
		A0E5B3E912B26BF500007762 /* occu.C */ = {isa = PBXFileReference; fileEncoding = 4; lastKnownFileType = sourcecode.cpp.cpp; name = occu.C; path = ../occu.C; sourceTree = SOURCE_ROOT; };
/* End PBXFileReference section */

/* Begin PBXGroup section */
		08FB7794FE84155DC02AAC07 /* TPECal */ = {
			isa = PBXGroup;
			children = (
				A091989012B3CCCE000CA2FB /* go_run */,
				A0720B5512B284AF0029ADD1 /* show.C */,
				A0E5B3E912B26BF500007762 /* occu.C */,
				A015667D12A073C800115FFD /* src */,
				A015667B12A073BD00115FFD /* SConstruct */,
			);
			name = TPECal;
			sourceTree = "<group>";
		};
		A015667D12A073C800115FFD /* src */ = {
			isa = PBXGroup;
			children = (
				A015667E12A073C800115FFD /* bos.cc */,
				A015668712A073C800115FFD /* database_io.cc */,
				A015668D12A073C800115FFD /* GetADC_W.cc */,
				A015668E12A073C800115FFD /* GetADC_W.h */,
				A015668F12A073C800115FFD /* help.cc */,
				A015669412A073C800115FFD /* tpecal_calib.cc */,
				A015669512A073C800115FFD /* tpecal_calib.h */,
				A015669612A073C800115FFD /* tpecal_widget.cc */,
				A015669712A073C800115FFD /* tpecal_widget.h */,
				A015669812A073C800115FFD /* usage.cc */,
				A015669912A073C800115FFD /* usage.h */,
				A015667C12A073BD00115FFD /* tpecal.cc */,
				A015668012A073C800115FFD /* control */,
				A015668812A073C800115FFD /* display */,
				A015669012A073C800115FFD /* img */,
			);
			name = src;
			path = ../src;
			sourceTree = SOURCE_ROOT;
		};
		A015668012A073C800115FFD /* control */ = {
			isa = PBXGroup;
			children = (
				A015668112A073C800115FFD /* HV_Control_W.cc */,
				A015668212A073C800115FFD /* HV_Control_W.h */,
				A015668312A073C800115FFD /* PED_Control_W.cc */,
				A015668412A073C800115FFD /* PED_Control_W.h */,
				A015668512A073C800115FFD /* SPE_Control_W.cc */,
				A015668612A073C800115FFD /* SPE_Control_W.h */,
			);
			path = control;
			sourceTree = "<group>";
		};
		A015668812A073C800115FFD /* display */ = {
			isa = PBXGroup;
			children = (
				A015668912A073C800115FFD /* PED_Display_W.cc */,
				A015668A12A073C800115FFD /* PED_Display_W.h */,
				A015668B12A073C800115FFD /* SPE_Display_W.cc */,
				A015668C12A073C800115FFD /* SPE_Display_W.h */,
			);
			path = display;
			sourceTree = "<group>";
		};
		A015669012A073C800115FFD /* img */ = {
			isa = PBXGroup;
			children = (
				A0B915C212A5D68100003A3F /* calorimeter.h */,
				A015669112A073C800115FFD /* go_icon */,
				A015669212A073C800115FFD /* icon_background.h */,
				A015669312A073C800115FFD /* icon_explana2.h */,
			);
			path = img;
			sourceTree = "<group>";
		};
/* End PBXGroup section */

/* Begin PBXLegacyTarget section */
		D28A88AD04BDD90700651E21 /* TPECal */ = {
			isa = PBXLegacyTarget;
			buildArgumentsString = "$(ACTION)";
			buildConfigurationList = 1DEB918F08733D9F0010E9CD /* Build configuration list for PBXLegacyTarget "TPECal" */;
			buildPhases = (
			);
			buildToolPath = /usr/bin/make;
			dependencies = (
			);
			name = TPECal;
			passBuildSettingsInEnvironment = 1;
			productName = TPECal;
		};
/* End PBXLegacyTarget section */

/* Begin PBXProject section */
		08FB7793FE84155DC02AAC07 /* Project object */ = {
			isa = PBXProject;
			buildConfigurationList = 1DEB919308733D9F0010E9CD /* Build configuration list for PBXProject "TPECal" */;
			compatibilityVersion = "Xcode 3.2";
			developmentRegion = English;
			hasScannedForEncodings = 1;
			knownRegions = (
				English,
				Japanese,
				French,
				German,
			);
			mainGroup = 08FB7794FE84155DC02AAC07 /* TPECal */;
			projectDirPath = "";
			projectRoot = "";
			targets = (
				D28A88AD04BDD90700651E21 /* TPECal */,
			);
		};
/* End PBXProject section */

/* Begin XCBuildConfiguration section */
		1DEB919008733D9F0010E9CD /* Debug */ = {
			isa = XCBuildConfiguration;
			buildSettings = {
				COPY_PHASE_STRIP = NO;
				DEBUGGING_SYMBOLS = YES;
				GCC_DYNAMIC_NO_PIC = NO;
				GCC_ENABLE_FIX_AND_CONTINUE = YES;
				GCC_GENERATE_DEBUGGING_SYMBOLS = YES;
				GCC_OPTIMIZATION_LEVEL = 0;
				OTHER_CFLAGS = "";
				OTHER_LDFLAGS = "";
				PRODUCT_NAME = TPECal;
			};
			name = Debug;
		};
		1DEB919108733D9F0010E9CD /* Release */ = {
			isa = XCBuildConfiguration;
			buildSettings = {
				COPY_PHASE_STRIP = YES;
				GCC_ENABLE_FIX_AND_CONTINUE = NO;
				OTHER_CFLAGS = "";
				OTHER_LDFLAGS = "";
				PRODUCT_NAME = TPECal;
			};
			name = Release;
		};
		1DEB919408733D9F0010E9CD /* Debug */ = {
			isa = XCBuildConfiguration;
			buildSettings = {
				ARCHS = "$(ARCHS_STANDARD_32_BIT)";
				GCC_WARN_ABOUT_RETURN_TYPE = YES;
				GCC_WARN_UNUSED_VARIABLE = YES;
				ONLY_ACTIVE_ARCH = YES;
				PREBINDING = NO;
				SDKROOT = macosx10.6;
			};
			name = Debug;
		};
		1DEB919508733D9F0010E9CD /* Release */ = {
			isa = XCBuildConfiguration;
			buildSettings = {
				ARCHS = "$(ARCHS_STANDARD_32_BIT)";
				GCC_WARN_ABOUT_RETURN_TYPE = YES;
				GCC_WARN_UNUSED_VARIABLE = YES;
				PREBINDING = NO;
				SDKROOT = macosx10.6;
			};
			name = Release;
		};
/* End XCBuildConfiguration section */

/* Begin XCConfigurationList section */
		1DEB918F08733D9F0010E9CD /* Build configuration list for PBXLegacyTarget "TPECal" */ = {
			isa = XCConfigurationList;
			buildConfigurations = (
				1DEB919008733D9F0010E9CD /* Debug */,
				1DEB919108733D9F0010E9CD /* Release */,
			);
			defaultConfigurationIsVisible = 0;
			defaultConfigurationName = Release;
		};
		1DEB919308733D9F0010E9CD /* Build configuration list for PBXProject "TPECal" */ = {
			isa = XCConfigurationList;
			buildConfigurations = (
				1DEB919408733D9F0010E9CD /* Debug */,
				1DEB919508733D9F0010E9CD /* Release */,
			);
			defaultConfigurationIsVisible = 0;
			defaultConfigurationName = Release;
		};
/* End XCConfigurationList section */
	};
	rootObject = 08FB7793FE84155DC02AAC07 /* Project object */;
}
